
Microsoft Visual Studio Solution File, Format Version 12.00
# Visual Studio Version 17
VisualStudioVersion = 17.2.32505.173
MinimumVisualStudioVersion = 10.0.40219.1
Project("{2150E333-8FDC-42A3-9474-1A3956D46DE8}") = "Lab 1", "Lab 1", "{72C398CE-C921-4239-9DCF-B69C49A4D07A}"
EndProject
Project("{2150E333-8FDC-42A3-9474-1A3956D46DE8}") = "Models", "Models", "{247E20D6-28AE-42CD-A708-46BC0D7898C0}"
EndProject
Project("{2150E333-8FDC-42A3-9474-1A3956D46DE8}") = "View", "View", "{F877C4E7-653D-4F10-98A5-144F101619D8}"
EndProject
Project("{9A19103F-16F7-4668-BE54-9A1E7A4F7556}") = "HouseModel", "Lab 1\Models\HouseModel\HouseModel.csproj", "{21BD214B-1AC4-4719-A717-B2B8B4949B7E}"
EndProject
Project("{9A19103F-16F7-4668-BE54-9A1E7A4F7556}") = "HouseForm", "Lab 1\View\HouseForm\HouseForm.csproj", "{56E69782-1F0E-471F-BA75-7BE407234CEB}"
EndProject
Project("{2150E333-8FDC-42A3-9474-1A3956D46DE8}") = "Lab 2", "Lab 2", "{0969C311-F808-4D95-8B7D-F36D36392489}"
EndProject
Project("{9A19103F-16F7-4668-BE54-9A1E7A4F7556}") = "NetworkModels", "Lab 2\Models\NetworkModels\NetworkModels.csproj", "{74BA3F98-C324-4093-890D-87A9297C33F3}"
EndProject
Project("{2150E333-8FDC-42A3-9474-1A3956D46DE8}") = "Models", "Models", "{1D1408B6-1BC4-4906-889B-828EA8B6E0C0}"
EndProject
Project("{2150E333-8FDC-42A3-9474-1A3956D46DE8}") = "View", "View", "{A45B95DB-BB1A-489D-8DEA-5E05CA6C0302}"
EndProject
Project("{9A19103F-16F7-4668-BE54-9A1E7A4F7556}") = "NetworkForm", "Lab 2\View\NetworkForm\NetworkForm.csproj", "{375C4C94-5701-4E63-B470-204BB70D332F}"
EndProject
Project("{2150E333-8FDC-42A3-9474-1A3956D46DE8}") = "Lab 3", "Lab 3", "{BE78CAB5-6219-4C92-9081-3FB59707A43C}"
EndProject
Project("{2150E333-8FDC-42A3-9474-1A3956D46DE8}") = "Models", "Models", "{23B3C2BA-93FB-4C3C-9FDF-33BFD95DD888}"
EndProject
Project("{2150E333-8FDC-42A3-9474-1A3956D46DE8}") = "Views", "Views", "{FE3F6C54-FB6D-48A6-AB59-6FC4F667501D}"
EndProject
Project("{9A19103F-16F7-4668-BE54-9A1E7A4F7556}") = "AutoModel", "Lab 3\Models\AutoModel\AutoModel.csproj", "{7A5CB1EB-A08B-4502-87D1-F580DEA754C9}"
EndProject
Project("{9A19103F-16F7-4668-BE54-9A1E7A4F7556}") = "AutoForm", "Lab 3\Views\AutoForm\AutoForm.csproj", "{C105AC5B-E1FE-404F-B732-F6BE196B828F}"
EndProject
Project("{2150E333-8FDC-42A3-9474-1A3956D46DE8}") = "Lab 4", "Lab 4", "{144853A1-5F8C-411F-BB6A-4750FAAB8D04}"
EndProject
Project("{2150E333-8FDC-42A3-9474-1A3956D46DE8}") = "Models", "Models", "{834C9723-28E2-4330-BDFC-921653D8994A}"
EndProject
Project("{2150E333-8FDC-42A3-9474-1A3956D46DE8}") = "Views", "Views", "{C6F9F159-61C3-461F-B4A0-DE9B7F9210B9}"
EndProject
Project("{9A19103F-16F7-4668-BE54-9A1E7A4F7556}") = "AutoModel", "Lab 4\Models\AutoModel\AutoModel.csproj", "{0B70E721-7FC1-4DC3-AB65-32E93CF2DA17}"
EndProject
Project("{FAE04EC0-301F-11D3-BF4B-00C04F79EFBC}") = "AutoForm", "Lab 4\Views\AutoForm\AutoForm.csproj", "{2DB1D468-F824-4794-9BB9-C15ED8E5961B}"
EndProject
Global
	GlobalSection(SolutionConfigurationPlatforms) = preSolution
		Debug|Any CPU = Debug|Any CPU
		Release|Any CPU = Release|Any CPU
	EndGlobalSection
	GlobalSection(ProjectConfigurationPlatforms) = postSolution
		{21BD214B-1AC4-4719-A717-B2B8B4949B7E}.Debug|Any CPU.ActiveCfg = Debug|Any CPU
		{21BD214B-1AC4-4719-A717-B2B8B4949B7E}.Debug|Any CPU.Build.0 = Debug|Any CPU
		{21BD214B-1AC4-4719-A717-B2B8B4949B7E}.Release|Any CPU.ActiveCfg = Release|Any CPU
		{21BD214B-1AC4-4719-A717-B2B8B4949B7E}.Release|Any CPU.Build.0 = Release|Any CPU
		{56E69782-1F0E-471F-BA75-7BE407234CEB}.Debug|Any CPU.ActiveCfg = Debug|Any CPU
		{56E69782-1F0E-471F-BA75-7BE407234CEB}.Debug|Any CPU.Build.0 = Debug|Any CPU
		{56E69782-1F0E-471F-BA75-7BE407234CEB}.Release|Any CPU.ActiveCfg = Release|Any CPU
		{56E69782-1F0E-471F-BA75-7BE407234CEB}.Release|Any CPU.Build.0 = Release|Any CPU
		{74BA3F98-C324-4093-890D-87A9297C33F3}.Debug|Any CPU.ActiveCfg = Debug|Any CPU
		{74BA3F98-C324-4093-890D-87A9297C33F3}.Debug|Any CPU.Build.0 = Debug|Any CPU
		{74BA3F98-C324-4093-890D-87A9297C33F3}.Release|Any CPU.ActiveCfg = Release|Any CPU
		{74BA3F98-C324-4093-890D-87A9297C33F3}.Release|Any CPU.Build.0 = Release|Any CPU
		{375C4C94-5701-4E63-B470-204BB70D332F}.Debug|Any CPU.ActiveCfg = Debug|Any CPU
		{375C4C94-5701-4E63-B470-204BB70D332F}.Debug|Any CPU.Build.0 = Debug|Any CPU
		{375C4C94-5701-4E63-B470-204BB70D332F}.Release|Any CPU.ActiveCfg = Release|Any CPU
		{375C4C94-5701-4E63-B470-204BB70D332F}.Release|Any CPU.Build.0 = Release|Any CPU
		{7A5CB1EB-A08B-4502-87D1-F580DEA754C9}.Debug|Any CPU.ActiveCfg = Debug|Any CPU
		{7A5CB1EB-A08B-4502-87D1-F580DEA754C9}.Debug|Any CPU.Build.0 = Debug|Any CPU
		{7A5CB1EB-A08B-4502-87D1-F580DEA754C9}.Release|Any CPU.ActiveCfg = Release|Any CPU
		{7A5CB1EB-A08B-4502-87D1-F580DEA754C9}.Release|Any CPU.Build.0 = Release|Any CPU
		{C105AC5B-E1FE-404F-B732-F6BE196B828F}.Debug|Any CPU.ActiveCfg = Debug|Any CPU
		{C105AC5B-E1FE-404F-B732-F6BE196B828F}.Debug|Any CPU.Build.0 = Debug|Any CPU
		{C105AC5B-E1FE-404F-B732-F6BE196B828F}.Release|Any CPU.ActiveCfg = Release|Any CPU
		{C105AC5B-E1FE-404F-B732-F6BE196B828F}.Release|Any CPU.Build.0 = Release|Any CPU
		{0B70E721-7FC1-4DC3-AB65-32E93CF2DA17}.Debug|Any CPU.ActiveCfg = Debug|Any CPU
		{0B70E721-7FC1-4DC3-AB65-32E93CF2DA17}.Debug|Any CPU.Build.0 = Debug|Any CPU
		{0B70E721-7FC1-4DC3-AB65-32E93CF2DA17}.Release|Any CPU.ActiveCfg = Release|Any CPU
		{0B70E721-7FC1-4DC3-AB65-32E93CF2DA17}.Release|Any CPU.Build.0 = Release|Any CPU
		{2DB1D468-F824-4794-9BB9-C15ED8E5961B}.Debug|Any CPU.ActiveCfg = Debug|Any CPU
		{2DB1D468-F824-4794-9BB9-C15ED8E5961B}.Debug|Any CPU.Build.0 = Debug|Any CPU
		{2DB1D468-F824-4794-9BB9-C15ED8E5961B}.Release|Any CPU.ActiveCfg = Release|Any CPU
		{2DB1D468-F824-4794-9BB9-C15ED8E5961B}.Release|Any CPU.Build.0 = Release|Any CPU
	EndGlobalSection
	GlobalSection(SolutionProperties) = preSolution
		HideSolutionNode = FALSE
	EndGlobalSection
	GlobalSection(NestedProjects) = preSolution
		{247E20D6-28AE-42CD-A708-46BC0D7898C0} = {72C398CE-C921-4239-9DCF-B69C49A4D07A}
		{F877C4E7-653D-4F10-98A5-144F101619D8} = {72C398CE-C921-4239-9DCF-B69C49A4D07A}
		{21BD214B-1AC4-4719-A717-B2B8B4949B7E} = {247E20D6-28AE-42CD-A708-46BC0D7898C0}
		{56E69782-1F0E-471F-BA75-7BE407234CEB} = {F877C4E7-653D-4F10-98A5-144F101619D8}
		{74BA3F98-C324-4093-890D-87A9297C33F3} = {1D1408B6-1BC4-4906-889B-828EA8B6E0C0}
		{1D1408B6-1BC4-4906-889B-828EA8B6E0C0} = {0969C311-F808-4D95-8B7D-F36D36392489}
		{A45B95DB-BB1A-489D-8DEA-5E05CA6C0302} = {0969C311-F808-4D95-8B7D-F36D36392489}
		{375C4C94-5701-4E63-B470-204BB70D332F} = {A45B95DB-BB1A-489D-8DEA-5E05CA6C0302}
		{23B3C2BA-93FB-4C3C-9FDF-33BFD95DD888} = {BE78CAB5-6219-4C92-9081-3FB59707A43C}
		{FE3F6C54-FB6D-48A6-AB59-6FC4F667501D} = {BE78CAB5-6219-4C92-9081-3FB59707A43C}
		{7A5CB1EB-A08B-4502-87D1-F580DEA754C9} = {23B3C2BA-93FB-4C3C-9FDF-33BFD95DD888}
		{C105AC5B-E1FE-404F-B732-F6BE196B828F} = {FE3F6C54-FB6D-48A6-AB59-6FC4F667501D}
		{834C9723-28E2-4330-BDFC-921653D8994A} = {144853A1-5F8C-411F-BB6A-4750FAAB8D04}
		{C6F9F159-61C3-461F-B4A0-DE9B7F9210B9} = {144853A1-5F8C-411F-BB6A-4750FAAB8D04}
		{0B70E721-7FC1-4DC3-AB65-32E93CF2DA17} = {834C9723-28E2-4330-BDFC-921653D8994A}
		{2DB1D468-F824-4794-9BB9-C15ED8E5961B} = {C6F9F159-61C3-461F-B4A0-DE9B7F9210B9}
	EndGlobalSection
	GlobalSection(ExtensibilityGlobals) = postSolution
		SolutionGuid = {5F96FAAF-D2B3-40FD-96EE-E6265A576717}
	EndGlobalSection
EndGlobal
